{
  "requires": true,
  "lockfileVersion": 1,
  "dependencies": {
    "@datorama/akita-ngdevtools": {
      "version": "1.0.4",
      "resolved": "https://registry.npmjs.org/@datorama/akita-ngdevtools/-/akita-ngdevtools-1.0.4.tgz",
      "integrity": "sha512-gn+4KsxdtG6vuWQYD0FlbIUh5yFHrDJcB6vx2YNelBeH/ehWprKety5OkQN5IBEx45eoEBa/kFoz5aahclr1NQ==",
      "requires": {
        "tslib": "^1.9.0"
      }
    },
    "tslib": {
      "version": "1.9.3",
      "resolved": "https://registry.npmjs.org/tslib/-/tslib-1.9.3.tgz",
      "integrity": "sha512-4krF8scpejhaOgqzBEcGM7yDIEfi0/8+8zDRZhNZZ2kjmHJ4hv3zCbQWxoJGz1iw5U0Jl0nma13xzHXcncMavQ=="
    }
  }
}
